
Microsoft Visual Studio Solution File, Format Version 12.00
# Visual Studio Version 16
VisualStudioVersion = 16.0.30204.135
MinimumVisualStudioVersion = 10.0.40219.1
Project("{FAE04EC0-301F-11D3-BF4B-00C04F79EFBC}") = "族谱管理系统", "族谱管理系统\族谱管理系统.csproj", "{820C74CC-84BD-4594-940A-568F7A2FD6BF}"
EndProject
Global
	GlobalSection(SolutionConfigurationPlatforms) = preSolution
		Debug|Any CPU = Debug|Any CPU
		Release|Any CPU = Release|Any CPU
	EndGlobalSection
	GlobalSection(ProjectConfigurationPlatforms) = postSolution
		{820C74CC-84BD-4594-940A-568F7A2FD6BF}.Debug|Any CPU.ActiveCfg = Debug|Any CPU
		{820C74CC-84BD-4594-940A-568F7A2FD6BF}.Debug|Any CPU.Build.0 = Debug|Any CPU
		{820C74CC-84BD-4594-940A-568F7A2FD6BF}.Release|Any CPU.ActiveCfg = Release|Any CPU
		{820C74CC-84BD-4594-940A-568F7A2FD6BF}.Release|Any CPU.Build.0 = Release|Any CPU
	EndGlobalSection
	GlobalSection(SolutionProperties) = preSolution
		HideSolutionNode = FALSE
	EndGlobalSection
	GlobalSection(ExtensibilityGlobals) = postSolution
		SolutionGuid = {04177907-4B01-4D27-90B5-442681EB2D93}
	EndGlobalSection
EndGlobal
